# This file is automatically @generated by Poetry 1.8.2 and should not be changed by hand.

[[package]]
name = "cmake"
version = "3.30.5"
description = "CMake is an open-source, cross-platform family of tools designed to build, test and package software"
optional = false
python-versions = ">=3.7"
files = [
    {file = "cmake-3.30.5-py3-none-macosx_10_10_universal2.whl", hash = "sha256:c518d174cde8c5bda3dc9c906af2e1ad54448019d9a9061c5d85331c67bbaa60"},
    {file = "cmake-3.30.5-py3-none-manylinux_2_12_i686.manylinux2010_i686.whl", hash = "sha256:085728e950e6096014c99fc46361fbaa508863157bafe0ecf6dc232c16098456"},
    {file = "cmake-3.30.5-py3-none-manylinux_2_12_x86_64.manylinux2010_x86_64.whl", hash = "sha256:437e9f885cf576f47b45974a92239d7c86da91e99e62ecf1aa8be454703dd1a6"},
    {file = "cmake-3.30.5-py3-none-manylinux_2_17_aarch64.manylinux2014_aarch64.whl", hash = "sha256:b3a662e22dba1288b678daa5544a62a05da1992e0b654e799217e22bc7e5194a"},
    {file = "cmake-3.30.5-py3-none-manylinux_2_17_i686.manylinux2014_i686.whl", hash = "sha256:9dbedacaba2daa40726569590762d775246325b609753d7af888dc7eda49c7bd"},
    {file = "cmake-3.30.5-py3-none-manylinux_2_17_ppc64le.manylinux2014_ppc64le.whl", hash = "sha256:4a5c113428aa9f3b4b2ce2e6dc1b932cfe3991be04d215c5ab51c078eae3e674"},
    {file = "cmake-3.30.5-py3-none-manylinux_2_17_s390x.manylinux2014_s390x.whl", hash = "sha256:9edd4065dbc67a6861255f05135249a3f042f1e09a73c608f84a1a0c6a60a266"},
    {file = "cmake-3.30.5-py3-none-manylinux_2_17_x86_64.manylinux2014_x86_64.whl", hash = "sha256:db049e551e2f0562b3b225ac760888ee38b8ade62d74213f3611420e6b22f36d"},
    {file = "cmake-3.30.5-py3-none-musllinux_1_1_aarch64.whl", hash = "sha256:f9b351ad3b0bacd04fe73a35b71bf603416b0441d295c13881e56eba6ec01b4b"},
    {file = "cmake-3.30.5-py3-none-musllinux_1_1_i686.whl", hash = "sha256:c37f41ac7e7a806c91d16cd3efcd696635634bb63e0d9007582373f5a81c4fa1"},
    {file = "cmake-3.30.5-py3-none-musllinux_1_1_ppc64le.whl", hash = "sha256:e4fd409b3455a01fe80860503be4c1b34e2e12cc5433921c7aed1102a3870322"},
    {file = "cmake-3.30.5-py3-none-musllinux_1_1_s390x.whl", hash = "sha256:4a1ded0183a75bd71ee275ef976e8eb97b4a5f4b58e09c90c1734c509acb7d5a"},
    {file = "cmake-3.30.5-py3-none-musllinux_1_1_x86_64.whl", hash = "sha256:e2fd43ab522695e0ebbb6dfc6a1466daeb66c57f7f4aade02fe8c5a61acc2828"},
    {file = "cmake-3.30.5-py3-none-musllinux_1_2_armv7l.whl", hash = "sha256:6161031b0c89f3f60b82cd5e1dd8cdef47b0a057f9a5349e18bf1507ac4b2402"},
    {file = "cmake-3.30.5-py3-none-win32.whl", hash = "sha256:3ee3ab9b4d3fcdb9360104ef2175a47e145693b365983dcd8ccb5d58b1d0ab7f"},
    {file = "cmake-3.30.5-py3-none-win_amd64.whl", hash = "sha256:dddb1c82e69c8cf79a314f57c2cbb1b3c152758fa0997a5f5ddf8fc8207c994a"},
    {file = "cmake-3.30.5-py3-none-win_arm64.whl", hash = "sha256:ef454176664c941da91197feb91b68cab91ef0354ab0c4d7bfb70e069cb700f1"},
    {file = "cmake-3.30.5.tar.gz", hash = "sha256:2815a2b4dde61a78648a2ff4318d2d303eb41600c4bdb32fcb237b4746444ed2"},
]

[package.extras]
test = ["coverage (>=4.2)", "pytest (>=3.0.3)", "pytest-cov (>=2.4.0)"]

[[package]]
name = "dlib"
version = "19.24.6"
description = "A toolkit for making real world machine learning and data analysis applications"
optional = false
python-versions = "*"
files = [
    {file = "dlib-19.24.6.tar.gz", hash = "sha256:77e3c28ac2c66141514b07cbb74b7c7f80381c019ce5fec99007980bc6490d7d"},
]

[[package]]
name = "numpy"
version = "2.1.2"
description = "Fundamental package for array computing in Python"
optional = false
python-versions = ">=3.10"
files = [
    {file = "numpy-2.1.2-cp310-cp310-macosx_10_9_x86_64.whl", hash = "sha256:30d53720b726ec36a7f88dc873f0eec8447fbc93d93a8f079dfac2629598d6ee"},
    {file = "numpy-2.1.2-cp310-cp310-macosx_11_0_arm64.whl", hash = "sha256:e8d3ca0a72dd8846eb6f7dfe8f19088060fcb76931ed592d29128e0219652884"},
    {file = "numpy-2.1.2-cp310-cp310-macosx_14_0_arm64.whl", hash = "sha256:fc44e3c68ff00fd991b59092a54350e6e4911152682b4782f68070985aa9e648"},
    {file = "numpy-2.1.2-cp310-cp310-macosx_14_0_x86_64.whl", hash = "sha256:7c1c60328bd964b53f8b835df69ae8198659e2b9302ff9ebb7de4e5a5994db3d"},
    {file = "numpy-2.1.2-cp310-cp310-manylinux_2_17_aarch64.manylinux2014_aarch64.whl", hash = "sha256:6cdb606a7478f9ad91c6283e238544451e3a95f30fb5467fbf715964341a8a86"},
    {file = "numpy-2.1.2-cp310-cp310-manylinux_2_17_x86_64.manylinux2014_x86_64.whl", hash = "sha256:d666cb72687559689e9906197e3bec7b736764df6a2e58ee265e360663e9baf7"},
    {file = "numpy-2.1.2-cp310-cp310-musllinux_1_1_x86_64.whl", hash = "sha256:c6eef7a2dbd0abfb0d9eaf78b73017dbfd0b54051102ff4e6a7b2980d5ac1a03"},
    {file = "numpy-2.1.2-cp310-cp310-musllinux_1_2_aarch64.whl", hash = "sha256:12edb90831ff481f7ef5f6bc6431a9d74dc0e5ff401559a71e5e4611d4f2d466"},
    {file = "numpy-2.1.2-cp310-cp310-win32.whl", hash = "sha256:a65acfdb9c6ebb8368490dbafe83c03c7e277b37e6857f0caeadbbc56e12f4fb"},
    {file = "numpy-2.1.2-cp310-cp310-win_amd64.whl", hash = "sha256:860ec6e63e2c5c2ee5e9121808145c7bf86c96cca9ad396c0bd3e0f2798ccbe2"},
    {file = "numpy-2.1.2-cp311-cp311-macosx_10_9_x86_64.whl", hash = "sha256:b42a1a511c81cc78cbc4539675713bbcf9d9c3913386243ceff0e9429ca892fe"},
    {file = "numpy-2.1.2-cp311-cp311-macosx_11_0_arm64.whl", hash = "sha256:faa88bc527d0f097abdc2c663cddf37c05a1c2f113716601555249805cf573f1"},
    {file = "numpy-2.1.2-cp311-cp311-macosx_14_0_arm64.whl", hash = "sha256:c82af4b2ddd2ee72d1fc0c6695048d457e00b3582ccde72d8a1c991b808bb20f"},
    {file = "numpy-2.1.2-cp311-cp311-macosx_14_0_x86_64.whl", hash = "sha256:13602b3174432a35b16c4cfb5de9a12d229727c3dd47a6ce35111f2ebdf66ff4"},
    {file = "numpy-2.1.2-cp311-cp311-manylinux_2_17_aarch64.manylinux2014_aarch64.whl", hash = "sha256:1ebec5fd716c5a5b3d8dfcc439be82a8407b7b24b230d0ad28a81b61c2f4659a"},
    {file = "numpy-2.1.2-cp311-cp311-manylinux_2_17_x86_64.manylinux2014_x86_64.whl", hash = "sha256:e2b49c3c0804e8ecb05d59af8386ec2f74877f7ca8fd9c1e00be2672e4d399b1"},
    {file = "numpy-2.1.2-cp311-cp311-musllinux_1_1_x86_64.whl", hash = "sha256:2cbba4b30bf31ddbe97f1c7205ef976909a93a66bb1583e983adbd155ba72ac2"},
    {file = "numpy-2.1.2-cp311-cp311-musllinux_1_2_aarch64.whl", hash = "sha256:8e00ea6fc82e8a804433d3e9cedaa1051a1422cb6e443011590c14d2dea59146"},
    {file = "numpy-2.1.2-cp311-cp311-win32.whl", hash = "sha256:5006b13a06e0b38d561fab5ccc37581f23c9511879be7693bd33c7cd15ca227c"},
    {file = "numpy-2.1.2-cp311-cp311-win_amd64.whl", hash = "sha256:f1eb068ead09f4994dec71c24b2844f1e4e4e013b9629f812f292f04bd1510d9"},
    {file = "numpy-2.1.2-cp312-cp312-macosx_10_13_x86_64.whl", hash = "sha256:d7bf0a4f9f15b32b5ba53147369e94296f5fffb783db5aacc1be15b4bf72f43b"},
    {file = "numpy-2.1.2-cp312-cp312-macosx_11_0_arm64.whl", hash = "sha256:b1d0fcae4f0949f215d4632be684a539859b295e2d0cb14f78ec231915d644db"},
    {file = "numpy-2.1.2-cp312-cp312-macosx_14_0_arm64.whl", hash = "sha256:f751ed0a2f250541e19dfca9f1eafa31a392c71c832b6bb9e113b10d050cb0f1"},
    {file = "numpy-2.1.2-cp312-cp312-macosx_14_0_x86_64.whl", hash = "sha256:bd33f82e95ba7ad632bc57837ee99dba3d7e006536200c4e9124089e1bf42426"},
    {file = "numpy-2.1.2-cp312-cp312-manylinux_2_17_aarch64.manylinux2014_aarch64.whl", hash = "sha256:1b8cde4f11f0a975d1fd59373b32e2f5a562ade7cde4f85b7137f3de8fbb29a0"},
    {file = "numpy-2.1.2-cp312-cp312-manylinux_2_17_x86_64.manylinux2014_x86_64.whl", hash = "sha256:6d95f286b8244b3649b477ac066c6906fbb2905f8ac19b170e2175d3d799f4df"},
    {file = "numpy-2.1.2-cp312-cp312-musllinux_1_1_x86_64.whl", hash = "sha256:ab4754d432e3ac42d33a269c8567413bdb541689b02d93788af4131018cbf366"},
    {file = "numpy-2.1.2-cp312-cp312-musllinux_1_2_aarch64.whl", hash = "sha256:e585c8ae871fd38ac50598f4763d73ec5497b0de9a0ab4ef5b69f01c6a046142"},
    {file = "numpy-2.1.2-cp312-cp312-win32.whl", hash = "sha256:9c6c754df29ce6a89ed23afb25550d1c2d5fdb9901d9c67a16e0b16eaf7e2550"},
    {file = "numpy-2.1.2-cp312-cp312-win_amd64.whl", hash = "sha256:456e3b11cb79ac9946c822a56346ec80275eaf2950314b249b512896c0d2505e"},
    {file = "numpy-2.1.2-cp313-cp313-macosx_10_13_x86_64.whl", hash = "sha256:a84498e0d0a1174f2b3ed769b67b656aa5460c92c9554039e11f20a05650f00d"},
    {file = "numpy-2.1.2-cp313-cp313-macosx_11_0_arm64.whl", hash = "sha256:4d6ec0d4222e8ffdab1744da2560f07856421b367928026fb540e1945f2eeeaf"},
    {file = "numpy-2.1.2-cp313-cp313-macosx_14_0_arm64.whl", hash = "sha256:259ec80d54999cc34cd1eb8ded513cb053c3bf4829152a2e00de2371bd406f5e"},
    {file = "numpy-2.1.2-cp313-cp313-macosx_14_0_x86_64.whl", hash = "sha256:675c741d4739af2dc20cd6c6a5c4b7355c728167845e3c6b0e824e4e5d36a6c3"},
    {file = "numpy-2.1.2-cp313-cp313-manylinux_2_17_aarch64.manylinux2014_aarch64.whl", hash = "sha256:05b2d4e667895cc55e3ff2b56077e4c8a5604361fc21a042845ea3ad67465aa8"},
    {file = "numpy-2.1.2-cp313-cp313-manylinux_2_17_x86_64.manylinux2014_x86_64.whl", hash = "sha256:43cca367bf94a14aca50b89e9bc2061683116cfe864e56740e083392f533ce7a"},
    {file = "numpy-2.1.2-cp313-cp313-musllinux_1_1_x86_64.whl", hash = "sha256:76322dcdb16fccf2ac56f99048af32259dcc488d9b7e25b51e5eca5147a3fb98"},
    {file = "numpy-2.1.2-cp313-cp313-musllinux_1_2_aarch64.whl", hash = "sha256:32e16a03138cabe0cb28e1007ee82264296ac0983714094380b408097a418cfe"},
    {file = "numpy-2.1.2-cp313-cp313-win32.whl", hash = "sha256:242b39d00e4944431a3cd2db2f5377e15b5785920421993770cddb89992c3f3a"},
    {file = "numpy-2.1.2-cp313-cp313-win_amd64.whl", hash = "sha256:f2ded8d9b6f68cc26f8425eda5d3877b47343e68ca23d0d0846f4d312ecaa445"},
    {file = "numpy-2.1.2-cp313-cp313t-macosx_10_13_x86_64.whl", hash = "sha256:2ffef621c14ebb0188a8633348504a35c13680d6da93ab5cb86f4e54b7e922b5"},
    {file = "numpy-2.1.2-cp313-cp313t-macosx_11_0_arm64.whl", hash = "sha256:ad369ed238b1959dfbade9018a740fb9392c5ac4f9b5173f420bd4f37ba1f7a0"},
    {file = "numpy-2.1.2-cp313-cp313t-macosx_14_0_arm64.whl", hash = "sha256:d82075752f40c0ddf57e6e02673a17f6cb0f8eb3f587f63ca1eaab5594da5b17"},
    {file = "numpy-2.1.2-cp313-cp313t-macosx_14_0_x86_64.whl", hash = "sha256:1600068c262af1ca9580a527d43dc9d959b0b1d8e56f8a05d830eea39b7c8af6"},
    {file = "numpy-2.1.2-cp313-cp313t-manylinux_2_17_aarch64.manylinux2014_aarch64.whl", hash = "sha256:a26ae94658d3ba3781d5e103ac07a876b3e9b29db53f68ed7df432fd033358a8"},
    {file = "numpy-2.1.2-cp313-cp313t-manylinux_2_17_x86_64.manylinux2014_x86_64.whl", hash = "sha256:13311c2db4c5f7609b462bc0f43d3c465424d25c626d95040f073e30f7570e35"},
    {file = "numpy-2.1.2-cp313-cp313t-musllinux_1_1_x86_64.whl", hash = "sha256:2abbf905a0b568706391ec6fa15161fad0fb5d8b68d73c461b3c1bab6064dd62"},
    {file = "numpy-2.1.2-cp313-cp313t-musllinux_1_2_aarch64.whl", hash = "sha256:ef444c57d664d35cac4e18c298c47d7b504c66b17c2ea91312e979fcfbdfb08a"},
    {file = "numpy-2.1.2-pp310-pypy310_pp73-macosx_10_15_x86_64.whl", hash = "sha256:bdd407c40483463898b84490770199d5714dcc9dd9b792f6c6caccc523c00952"},
    {file = "numpy-2.1.2-pp310-pypy310_pp73-macosx_14_0_x86_64.whl", hash = "sha256:da65fb46d4cbb75cb417cddf6ba5e7582eb7bb0b47db4b99c9fe5787ce5d91f5"},
    {file = "numpy-2.1.2-pp310-pypy310_pp73-manylinux_2_17_x86_64.manylinux2014_x86_64.whl", hash = "sha256:1c193d0b0238638e6fc5f10f1b074a6993cb13b0b431f64079a509d63d3aa8b7"},
    {file = "numpy-2.1.2-pp310-pypy310_pp73-win_amd64.whl", hash = "sha256:a7d80b2e904faa63068ead63107189164ca443b42dd1930299e0d1cb041cec2e"},
    {file = "numpy-2.1.2.tar.gz", hash = "sha256:13532a088217fa624c99b843eeb54640de23b3414b14aa66d023805eb731066c"},
]

[[package]]
name = "opencv-python"
version = "4.10.0.84"
description = "Wrapper package for OpenCV python bindings."
optional = false
python-versions = ">=3.6"
files = [
    {file = "opencv-python-4.10.0.84.tar.gz", hash = "sha256:72d234e4582e9658ffea8e9cae5b63d488ad06994ef12d81dc303b17472f3526"},
    {file = "opencv_python-4.10.0.84-cp37-abi3-macosx_11_0_arm64.whl", hash = "sha256:fc182f8f4cda51b45f01c64e4cbedfc2f00aff799debebc305d8d0210c43f251"},
    {file = "opencv_python-4.10.0.84-cp37-abi3-macosx_12_0_x86_64.whl", hash = "sha256:71e575744f1d23f79741450254660442785f45a0797212852ee5199ef12eed98"},
    {file = "opencv_python-4.10.0.84-cp37-abi3-manylinux_2_17_aarch64.manylinux2014_aarch64.whl", hash = "sha256:09a332b50488e2dda866a6c5573ee192fe3583239fb26ff2f7f9ceb0bc119ea6"},
    {file = "opencv_python-4.10.0.84-cp37-abi3-manylinux_2_17_x86_64.manylinux2014_x86_64.whl", hash = "sha256:9ace140fc6d647fbe1c692bcb2abce768973491222c067c131d80957c595b71f"},
    {file = "opencv_python-4.10.0.84-cp37-abi3-win32.whl", hash = "sha256:2db02bb7e50b703f0a2d50c50ced72e95c574e1e5a0bb35a8a86d0b35c98c236"},
    {file = "opencv_python-4.10.0.84-cp37-abi3-win_amd64.whl", hash = "sha256:32dbbd94c26f611dc5cc6979e6b7aa1f55a64d6b463cc1dcd3c95505a63e48fe"},
]

[package.dependencies]
numpy = {version = ">=1.26.0", markers = "python_version >= \"3.12\""}

[[package]]
name = "pysimplegui"
version = "4.60.5.0"
description = "Python GUIs for Humans. Launched in 2018. It's 2024 & PySimpleGUI is an ACTIVE project. Super-simple to create custom GUI's. 325+ Demo programs & Cookbook for rapid start. Extensive documentation. Main docs at www.PySimpleGUI.org. Fun & your success are the focus. Examples using Machine Learning (GUI, OpenCV Integration), Rainmeter Style Desktop Widgets, Matplotlib + Pyplot, PIL support, add GUI to command line scripts, PDF & Image Viewers. Great for beginners & advanced GUI programmers."
optional = false
python-versions = "*"
files = [
    {file = "PySimpleGUI-4.60.5.0-py3-none-any.whl", hash = "sha256:afbf96511edccc8e9de7891020b8f6fa593ee82109cae795f37530f50533793b"},
    {file = "PySimpleGUI-4.60.5.0.tar.gz", hash = "sha256:961df703896aab7e89ab9cc9ef54ad7bbc93f09a1af0518fd3e7b9064a6bf146"},
]

[metadata]
lock-version = "2.0"
python-versions = "^3.12"
content-hash = "36b049c80abe9efda8626e7dcd36e32c159efd3a8485e84c5332f5c989b4465a"
